
Microsoft Visual Studio Solution File, Format Version 12.00
# Visual Studio Version 18
VisualStudioVersion = 18.6.11806.211
MinimumVisualStudioVersion = 10.0.40219.1
Project("{FAE04EC0-301F-11D3-BF4B-00C04F79EFBC}") = "lib_aplicaciones", "lib_aplicaciones\lib_aplicaciones.csproj", "{AB236AC1-4D04-4025-8C03-80747B57D9C5}"
EndProject
Project("{FAE04EC0-301F-11D3-BF4B-00C04F79EFBC}") = "test_aplicaciones", "test_aplicaciones\test_aplicaciones.csproj", "{7023DC85-4348-4502-A8C7-8B2C72FDD934}"
EndProject
Project("{2150E333-8FDC-42A3-9474-1A3956D46DE8}") = "servicios", "servicios", "{E40BA9C4-2D1E-4811-A1B4-F4F26D7FF616}"
EndProject
Project("{2150E333-8FDC-42A3-9474-1A3956D46DE8}") = "test unitarios", "test unitarios", "{1FDD9067-9FDC-4A47-A24E-5F49C2ED39A0}"
EndProject
Project("{2150E333-8FDC-42A3-9474-1A3956D46DE8}") = "presentacion", "presentacion", "{08394EE4-BCA4-48FA-8B0C-A29B0091DA10}"
EndProject
Project("{FAE04EC0-301F-11D3-BF4B-00C04F79EFBC}") = "servicios_aplicaciones", "servicios_aplicaciones\servicios_aplicaciones.csproj", "{FA07ADCC-43E2-4098-AB93-D3E1EA9EE122}"
EndProject
Project("{FAE04EC0-301F-11D3-BF4B-00C04F79EFBC}") = "presentacion_web", "presentacion_web\presentacion_web.csproj", "{21E1A614-99C4-4F89-B981-B4014637ABA0}"
EndProject
Global
	GlobalSection(SolutionConfigurationPlatforms) = preSolution
		Debug|Any CPU = Debug|Any CPU
		Release|Any CPU = Release|Any CPU
	EndGlobalSection
	GlobalSection(ProjectConfigurationPlatforms) = postSolution
		{AB236AC1-4D04-4025-8C03-80747B57D9C5}.Debug|Any CPU.ActiveCfg = Debug|Any CPU
		{AB236AC1-4D04-4025-8C03-80747B57D9C5}.Debug|Any CPU.Build.0 = Debug|Any CPU
		{AB236AC1-4D04-4025-8C03-80747B57D9C5}.Release|Any CPU.ActiveCfg = Release|Any CPU
		{AB236AC1-4D04-4025-8C03-80747B57D9C5}.Release|Any CPU.Build.0 = Release|Any CPU
		{7023DC85-4348-4502-A8C7-8B2C72FDD934}.Debug|Any CPU.ActiveCfg = Debug|Any CPU
		{7023DC85-4348-4502-A8C7-8B2C72FDD934}.Debug|Any CPU.Build.0 = Debug|Any CPU
		{7023DC85-4348-4502-A8C7-8B2C72FDD934}.Release|Any CPU.ActiveCfg = Release|Any CPU
		{7023DC85-4348-4502-A8C7-8B2C72FDD934}.Release|Any CPU.Build.0 = Release|Any CPU
		{FA07ADCC-43E2-4098-AB93-D3E1EA9EE122}.Debug|Any CPU.ActiveCfg = Debug|Any CPU
		{FA07ADCC-43E2-4098-AB93-D3E1EA9EE122}.Debug|Any CPU.Build.0 = Debug|Any CPU
		{FA07ADCC-43E2-4098-AB93-D3E1EA9EE122}.Release|Any CPU.ActiveCfg = Release|Any CPU
		{FA07ADCC-43E2-4098-AB93-D3E1EA9EE122}.Release|Any CPU.Build.0 = Release|Any CPU
		{21E1A614-99C4-4F89-B981-B4014637ABA0}.Debug|Any CPU.ActiveCfg = Debug|Any CPU
		{21E1A614-99C4-4F89-B981-B4014637ABA0}.Debug|Any CPU.Build.0 = Debug|Any CPU
		{21E1A614-99C4-4F89-B981-B4014637ABA0}.Release|Any CPU.ActiveCfg = Release|Any CPU
		{21E1A614-99C4-4F89-B981-B4014637ABA0}.Release|Any CPU.Build.0 = Release|Any CPU
	EndGlobalSection
	GlobalSection(SolutionProperties) = preSolution
		HideSolutionNode = FALSE
	EndGlobalSection
	GlobalSection(NestedProjects) = preSolution
		{AB236AC1-4D04-4025-8C03-80747B57D9C5} = {E40BA9C4-2D1E-4811-A1B4-F4F26D7FF616}
		{7023DC85-4348-4502-A8C7-8B2C72FDD934} = {1FDD9067-9FDC-4A47-A24E-5F49C2ED39A0}
		{FA07ADCC-43E2-4098-AB93-D3E1EA9EE122} = {E40BA9C4-2D1E-4811-A1B4-F4F26D7FF616}
		{21E1A614-99C4-4F89-B981-B4014637ABA0} = {08394EE4-BCA4-48FA-8B0C-A29B0091DA10}
	EndGlobalSection
	GlobalSection(ExtensibilityGlobals) = postSolution
		SolutionGuid = {5398DBF2-5189-4342-AD90-72E8C67F312B}
	EndGlobalSection
EndGlobal
