Microsoft Visual Studio Solution File, Format Version 12.00
# Visual Studio Version 17
VisualStudioVersion = 17.5.2.0
MinimumVisualStudioVersion = 10.0.40219.1
Project("{FAE04EC0-301F-11D3-BF4B-00C04F79EFBC}") = "tracking_habitos", "tracking_habitos.csproj", "{5FAB18D0-6BD1-2159-F3A6-492DF93EAA26}"
EndProject
Global
	GlobalSection(SolutionConfigurationPlatforms) = preSolution
		Debug|Any CPU = Debug|Any CPU
		Release|Any CPU = Release|Any CPU
	EndGlobalSection
	GlobalSection(ProjectConfigurationPlatforms) = postSolution
		{5FAB18D0-6BD1-2159-F3A6-492DF93EAA26}.Debug|Any CPU.ActiveCfg = Debug|Any CPU
		{5FAB18D0-6BD1-2159-F3A6-492DF93EAA26}.Debug|Any CPU.Build.0 = Debug|Any CPU
		{5FAB18D0-6BD1-2159-F3A6-492DF93EAA26}.Release|Any CPU.ActiveCfg = Release|Any CPU
		{5FAB18D0-6BD1-2159-F3A6-492DF93EAA26}.Release|Any CPU.Build.0 = Release|Any CPU
	EndGlobalSection
	GlobalSection(SolutionProperties) = preSolution
		HideSolutionNode = FALSE
	EndGlobalSection
	GlobalSection(ExtensibilityGlobals) = postSolution
		SolutionGuid = {5689ABCE-AFA8-4091-95D5-70FBEEEB925B}
	EndGlobalSection
EndGlobal
